
Microsoft Visual Studio Solution File, Format Version 12.00
# Visual Studio Version 17
VisualStudioVersion = 17.1.32328.378
MinimumVisualStudioVersion = 10.0.40219.1
Project("{FAE04EC0-301F-11D3-BF4B-00C04F79EFBC}") = "MinesweeperGame", "MinesweeperGame\MinesweeperGame.csproj", "{867D6155-E314-4381-A78E-9BF007E170BA}"
EndProject
Global
	GlobalSection(SolutionConfigurationPlatforms) = preSolution
		Debug|Any CPU = Debug|Any CPU
		Release|Any CPU = Release|Any CPU
	EndGlobalSection
	GlobalSection(ProjectConfigurationPlatforms) = postSolution
		{867D6155-E314-4381-A78E-9BF007E170BA}.Debug|Any CPU.ActiveCfg = Debug|Any CPU
		{867D6155-E314-4381-A78E-9BF007E170BA}.Debug|Any CPU.Build.0 = Debug|Any CPU
		{867D6155-E314-4381-A78E-9BF007E170BA}.Release|Any CPU.ActiveCfg = Release|Any CPU
		{867D6155-E314-4381-A78E-9BF007E170BA}.Release|Any CPU.Build.0 = Release|Any CPU
	EndGlobalSection
	GlobalSection(SolutionProperties) = preSolution
		HideSolutionNode = FALSE
	EndGlobalSection
	GlobalSection(ExtensibilityGlobals) = postSolution
		SolutionGuid = {681F8ABB-CF19-47F5-A1AB-6F1AA71440A9}
	EndGlobalSection
EndGlobal
